// !$*UTF8*$!
{
	archiveVersion = 1;
	classes = {
	};
	objectVersion = 46;
	objects = {

/* Begin PBXBuildFile section */
		11057DB114EE00D50083B4C0 /* UIKit.framework in Frameworks */ = {isa = PBXBuildFile; fileRef = 11057DB014EE00D50083B4C0 /* UIKit.framework */; };
		11057DB314EE00D50083B4C0 /* Foundation.framework in Frameworks */ = {isa = PBXBuildFile; fileRef = 11057DB214EE00D50083B4C0 /* Foundation.framework */; };
		11057DB514EE00D50083B4C0 /* CoreGraphics.framework in Frameworks */ = {isa = PBXBuildFile; fileRef = 11057DB414EE00D50083B4C0 /* CoreGraphics.framework */; };
		11057DBB14EE00D50083B4C0 /* InfoPlist.strings in Resources */ = {isa = PBXBuildFile; fileRef = 11057DB914EE00D50083B4C0 /* InfoPlist.strings */; };
		11057DBD14EE00D50083B4C0 /* main.m in Sources */ = {isa = PBXBuildFile; fileRef = 11057DBC14EE00D50083B4C0 /* main.m */; };
		11057DC714EE00D50083B4C0 /* DNViewController.xib in Resources */ = {isa = PBXBuildFile; fileRef = 11057DC514EE00D50083B4C0 /* DNViewController.xib */; };
		11057DD514EE045B0083B4C0 /* Globe.png in Resources */ = {isa = PBXBuildFile; fileRef = 11057DD414EE045B0083B4C0 /* Globe.png */; };
		51C6C9A414F2A3AE009B8973 /* DNAppDelegate.m in Sources */ = {isa = PBXBuildFile; fileRef = 51C6C99814F2A3AE009B8973 /* DNAppDelegate.m */; };
		51C6C9A514F2A3AE009B8973 /* DNViewController.m in Sources */ = {isa = PBXBuildFile; fileRef = 51C6C99B14F2A3AE009B8973 /* DNViewController.m */; };
		51C6C9A614F2A3AE009B8973 /* DNTileModel.m in Sources */ = {isa = PBXBuildFile; fileRef = 51C6C99E14F2A3AE009B8973 /* DNTileModel.m */; };
		51C6C9A714F2A3AE009B8973 /* NSArray+Shuffle.m in Sources */ = {isa = PBXBuildFile; fileRef = 51C6C9A014F2A3AE009B8973 /* NSArray+Shuffle.m */; };
		51C6C9A814F2A3AE009B8973 /* DNTileView.m in Sources */ = {isa = PBXBuildFile; fileRef = 51C6C9A314F2A3AE009B8973 /* DNTileView.m */; };
/* End PBXBuildFile section */

/* Begin PBXFileReference section */
		11057DAC14EE00D50083B4C0 /* SliderPuzzle.app */ = {isa = PBXFileReference; explicitFileType = wrapper.application; includeInIndex = 0; path = SliderPuzzle.app; sourceTree = BUILT_PRODUCTS_DIR; };
		11057DB014EE00D50083B4C0 /* UIKit.framework */ = {isa = PBXFileReference; lastKnownFileType = wrapper.framework; name = UIKit.framework; path = System/Library/Frameworks/UIKit.framework; sourceTree = SDKROOT; };
		11057DB214EE00D50083B4C0 /* Foundation.framework */ = {isa = PBXFileReference; lastKnownFileType = wrapper.framework; name = Foundation.framework; path = System/Library/Frameworks/Foundation.framework; sourceTree = SDKROOT; };
		11057DB414EE00D50083B4C0 /* CoreGraphics.framework */ = {isa = PBXFileReference; lastKnownFileType = wrapper.framework; name = CoreGraphics.framework; path = System/Library/Frameworks/CoreGraphics.framework; sourceTree = SDKROOT; };
		11057DB814EE00D50083B4C0 /* SliderPuzzle-Info.plist */ = {isa = PBXFileReference; lastKnownFileType = text.plist.xml; path = "SliderPuzzle-Info.plist"; sourceTree = "<group>"; };
		11057DBA14EE00D50083B4C0 /* en */ = {isa = PBXFileReference; lastKnownFileType = text.plist.strings; name = en; path = en.lproj/InfoPlist.strings; sourceTree = "<group>"; };
		11057DBC14EE00D50083B4C0 /* main.m */ = {isa = PBXFileReference; lastKnownFileType = sourcecode.c.objc; path = main.m; sourceTree = "<group>"; };
		11057DBE14EE00D50083B4C0 /* SliderPuzzle-Prefix.pch */ = {isa = PBXFileReference; lastKnownFileType = sourcecode.c.h; path = "SliderPuzzle-Prefix.pch"; sourceTree = "<group>"; };
		11057DC614EE00D50083B4C0 /* en */ = {isa = PBXFileReference; lastKnownFileType = file.xib; name = en; path = en.lproj/DNViewController.xib; sourceTree = "<group>"; };
		11057DD414EE045B0083B4C0 /* Globe.png */ = {isa = PBXFileReference; lastKnownFileType = image.png; path = Globe.png; sourceTree = "<group>"; };
		51C6C99714F2A3AE009B8973 /* DNAppDelegate.h */ = {isa = PBXFileReference; fileEncoding = 4; lastKnownFileType = sourcecode.c.h; path = DNAppDelegate.h; sourceTree = "<group>"; };
		51C6C99814F2A3AE009B8973 /* DNAppDelegate.m */ = {isa = PBXFileReference; fileEncoding = 4; lastKnownFileType = sourcecode.c.objc; path = DNAppDelegate.m; sourceTree = "<group>"; };
		51C6C99A14F2A3AE009B8973 /* DNViewController.h */ = {isa = PBXFileReference; fileEncoding = 4; lastKnownFileType = sourcecode.c.h; path = DNViewController.h; sourceTree = "<group>"; };
		51C6C99B14F2A3AE009B8973 /* DNViewController.m */ = {isa = PBXFileReference; fileEncoding = 4; lastKnownFileType = sourcecode.c.objc; path = DNViewController.m; sourceTree = "<group>"; };
		51C6C99D14F2A3AE009B8973 /* DNTileModel.h */ = {isa = PBXFileReference; fileEncoding = 4; lastKnownFileType = sourcecode.c.h; path = DNTileModel.h; sourceTree = "<group>"; };
		51C6C99E14F2A3AE009B8973 /* DNTileModel.m */ = {isa = PBXFileReference; fileEncoding = 4; lastKnownFileType = sourcecode.c.objc; path = DNTileModel.m; sourceTree = "<group>"; };
		51C6C99F14F2A3AE009B8973 /* NSArray+Shuffle.h */ = {isa = PBXFileReference; fileEncoding = 4; lastKnownFileType = sourcecode.c.h; path = "NSArray+Shuffle.h"; sourceTree = "<group>"; };
		51C6C9A014F2A3AE009B8973 /* NSArray+Shuffle.m */ = {isa = PBXFileReference; fileEncoding = 4; lastKnownFileType = sourcecode.c.objc; path = "NSArray+Shuffle.m"; sourceTree = "<group>"; };
		51C6C9A214F2A3AE009B8973 /* DNTileView.h */ = {isa = PBXFileReference; fileEncoding = 4; lastKnownFileType = sourcecode.c.h; path = DNTileView.h; sourceTree = "<group>"; };
		51C6C9A314F2A3AE009B8973 /* DNTileView.m */ = {isa = PBXFileReference; fileEncoding = 4; lastKnownFileType = sourcecode.c.objc; path = DNTileView.m; sourceTree = "<group>"; };
/* End PBXFileReference section */

/* Begin PBXFrameworksBuildPhase section */
		11057DA914EE00D50083B4C0 /* Frameworks */ = {
			isa = PBXFrameworksBuildPhase;
			buildActionMask = 2147483647;
			files = (
				11057DB114EE00D50083B4C0 /* UIKit.framework in Frameworks */,
				11057DB314EE00D50083B4C0 /* Foundation.framework in Frameworks */,
				11057DB514EE00D50083B4C0 /* CoreGraphics.framework in Frameworks */,
			);
			runOnlyForDeploymentPostprocessing = 0;
		};
/* End PBXFrameworksBuildPhase section */

/* Begin PBXGroup section */
		11057DA114EE00D50083B4C0 = {
			isa = PBXGroup;
			children = (
				11057DB614EE00D50083B4C0 /* SliderPuzzle */,
				11057DAF14EE00D50083B4C0 /* Frameworks */,
				11057DAD14EE00D50083B4C0 /* Products */,
			);
			sourceTree = "<group>";
		};
		11057DAD14EE00D50083B4C0 /* Products */ = {
			isa = PBXGroup;
			children = (
				11057DAC14EE00D50083B4C0 /* SliderPuzzle.app */,
			);
			name = Products;
			sourceTree = "<group>";
		};
		11057DAF14EE00D50083B4C0 /* Frameworks */ = {
			isa = PBXGroup;
			children = (
				11057DB014EE00D50083B4C0 /* UIKit.framework */,
				11057DB214EE00D50083B4C0 /* Foundation.framework */,
				11057DB414EE00D50083B4C0 /* CoreGraphics.framework */,
			);
			name = Frameworks;
			sourceTree = "<group>";
		};
		11057DB614EE00D50083B4C0 /* SliderPuzzle */ = {
			isa = PBXGroup;
			children = (
				51C6C99614F2A3AE009B8973 /* App Delegate */,
				51C6C99914F2A3AE009B8973 /* Tile View Controller */,
				51C6C99C14F2A3AE009B8973 /* Tile Model */,
				51C6C9A114F2A3AE009B8973 /* Tile View */,
				11057DCD14EE02740083B4C0 /* Resources */,
				11057DB714EE00D50083B4C0 /* Supporting Files */,
			);
			name = SliderPuzzle;
			path = SliderName;
			sourceTree = "<group>";
		};
		11057DB714EE00D50083B4C0 /* Supporting Files */ = {
			isa = PBXGroup;
			children = (
				11057DB814EE00D50083B4C0 /* SliderPuzzle-Info.plist */,
				11057DB914EE00D50083B4C0 /* InfoPlist.strings */,
				11057DBC14EE00D50083B4C0 /* main.m */,
				11057DBE14EE00D50083B4C0 /* SliderPuzzle-Prefix.pch */,
			);
			name = "Supporting Files";
			sourceTree = "<group>";
		};
		11057DCD14EE02740083B4C0 /* Resources */ = {
			isa = PBXGroup;
			children = (
				11057DCF14EE028A0083B4C0 /* images */,
				11057DCE14EE027C0083B4C0 /* nibs */,
			);
			name = Resources;
			sourceTree = "<group>";
		};
		11057DCE14EE027C0083B4C0 /* nibs */ = {
			isa = PBXGroup;
			children = (
				11057DC514EE00D50083B4C0 /* DNViewController.xib */,
			);
			name = nibs;
			sourceTree = "<group>";
		};
		11057DCF14EE028A0083B4C0 /* images */ = {
			isa = PBXGroup;
			children = (
				11057DD414EE045B0083B4C0 /* Globe.png */,
			);
			name = images;
			sourceTree = "<group>";
		};
		51C6C99614F2A3AE009B8973 /* App Delegate */ = {
			isa = PBXGroup;
			children = (
				51C6C99714F2A3AE009B8973 /* DNAppDelegate.h */,
				51C6C99814F2A3AE009B8973 /* DNAppDelegate.m */,
			);
			name = "App Delegate";
			path = "app delegate";
			sourceTree = "<group>";
		};
		51C6C99914F2A3AE009B8973 /* Tile View Controller */ = {
			isa = PBXGroup;
			children = (
				51C6C99A14F2A3AE009B8973 /* DNViewController.h */,
				51C6C99B14F2A3AE009B8973 /* DNViewController.m */,
			);
			name = "Tile View Controller";
			path = controller;
			sourceTree = "<group>";
		};
		51C6C99C14F2A3AE009B8973 /* Tile Model */ = {
			isa = PBXGroup;
			children = (
				51C6C99D14F2A3AE009B8973 /* DNTileModel.h */,
				51C6C99E14F2A3AE009B8973 /* DNTileModel.m */,
				51C6C99F14F2A3AE009B8973 /* NSArray+Shuffle.h */,
				51C6C9A014F2A3AE009B8973 /* NSArray+Shuffle.m */,
			);
			name = "Tile Model";
			path = model;
			sourceTree = "<group>";
		};
		51C6C9A114F2A3AE009B8973 /* Tile View */ = {
			isa = PBXGroup;
			children = (
				51C6C9A214F2A3AE009B8973 /* DNTileView.h */,
				51C6C9A314F2A3AE009B8973 /* DNTileView.m */,
			);
			name = "Tile View";
			path = view;
			sourceTree = "<group>";
		};
/* End PBXGroup section */

/* Begin PBXNativeTarget section */
		11057DAB14EE00D50083B4C0 /* SliderPuzzle */ = {
			isa = PBXNativeTarget;
			buildConfigurationList = 11057DCA14EE00D50083B4C0 /* Build configuration list for PBXNativeTarget "SliderPuzzle" */;
			buildPhases = (
				11057DA814EE00D50083B4C0 /* Sources */,
				11057DA914EE00D50083B4C0 /* Frameworks */,
				11057DAA14EE00D50083B4C0 /* Resources */,
			);
			buildRules = (
			);
			dependencies = (
			);
			name = SliderPuzzle;
			productName = SliderName;
			productReference = 11057DAC14EE00D50083B4C0 /* SliderPuzzle.app */;
			productType = "com.apple.product-type.application";
		};
/* End PBXNativeTarget section */

/* Begin PBXProject section */
		11057DA314EE00D50083B4C0 /* Project object */ = {
			isa = PBXProject;
			attributes = {
				LastUpgradeCheck = 0420;
			};
			buildConfigurationList = 11057DA614EE00D50083B4C0 /* Build configuration list for PBXProject "SliderPuzzle" */;
			compatibilityVersion = "Xcode 3.2";
			developmentRegion = English;
			hasScannedForEncodings = 0;
			knownRegions = (
				en,
			);
			mainGroup = 11057DA114EE00D50083B4C0;
			productRefGroup = 11057DAD14EE00D50083B4C0 /* Products */;
			projectDirPath = "";
			projectRoot = "";
			targets = (
				11057DAB14EE00D50083B4C0 /* SliderPuzzle */,
			);
		};
/* End PBXProject section */

/* Begin PBXResourcesBuildPhase section */
		11057DAA14EE00D50083B4C0 /* Resources */ = {
			isa = PBXResourcesBuildPhase;
			buildActionMask = 2147483647;
			files = (
				11057DBB14EE00D50083B4C0 /* InfoPlist.strings in Resources */,
				11057DC714EE00D50083B4C0 /* DNViewController.xib in Resources */,
				11057DD514EE045B0083B4C0 /* Globe.png in Resources */,
			);
			runOnlyForDeploymentPostprocessing = 0;
		};
/* End PBXResourcesBuildPhase section */

/* Begin PBXSourcesBuildPhase section */
		11057DA814EE00D50083B4C0 /* Sources */ = {
			isa = PBXSourcesBuildPhase;
			buildActionMask = 2147483647;
			files = (
				11057DBD14EE00D50083B4C0 /* main.m in Sources */,
				51C6C9A414F2A3AE009B8973 /* DNAppDelegate.m in Sources */,
				51C6C9A514F2A3AE009B8973 /* DNViewController.m in Sources */,
				51C6C9A614F2A3AE009B8973 /* DNTileModel.m in Sources */,
				51C6C9A714F2A3AE009B8973 /* NSArray+Shuffle.m in Sources */,
				51C6C9A814F2A3AE009B8973 /* DNTileView.m in Sources */,
			);
			runOnlyForDeploymentPostprocessing = 0;
		};
/* End PBXSourcesBuildPhase section */

/* Begin PBXVariantGroup section */
		11057DB914EE00D50083B4C0 /* InfoPlist.strings */ = {
			isa = PBXVariantGroup;
			children = (
				11057DBA14EE00D50083B4C0 /* en */,
			);
			name = InfoPlist.strings;
			sourceTree = "<group>";
		};
		11057DC514EE00D50083B4C0 /* DNViewController.xib */ = {
			isa = PBXVariantGroup;
			children = (
				11057DC614EE00D50083B4C0 /* en */,
			);
			name = DNViewController.xib;
			sourceTree = "<group>";
		};
/* End PBXVariantGroup section */

/* Begin XCBuildConfiguration section */
		11057DC814EE00D50083B4C0 /* Debug */ = {
			isa = XCBuildConfiguration;
			buildSettings = {
				ALWAYS_SEARCH_USER_PATHS = NO;
				ARCHS = "$(ARCHS_STANDARD_32_BIT)";
				"CODE_SIGN_IDENTITY[sdk=iphoneos*]" = "iPhone Developer";
				COPY_PHASE_STRIP = NO;
				GCC_C_LANGUAGE_STANDARD = gnu99;
				GCC_DYNAMIC_NO_PIC = NO;
				GCC_OPTIMIZATION_LEVEL = 0;
				GCC_PREPROCESSOR_DEFINITIONS = (
					"DEBUG=1",
					"$(inherited)",
				);
				GCC_SYMBOLS_PRIVATE_EXTERN = NO;
				GCC_VERSION = com.apple.compilers.llvm.clang.1_0;
				GCC_WARN_ABOUT_MISSING_PROTOTYPES = YES;
				GCC_WARN_ABOUT_RETURN_TYPE = YES;
				GCC_WARN_UNUSED_VARIABLE = YES;
				IPHONEOS_DEPLOYMENT_TARGET = 5.0;
				SDKROOT = iphoneos;
				TARGETED_DEVICE_FAMILY = 2;
			};
			name = Debug;
		};
		11057DC914EE00D50083B4C0 /* Release */ = {
			isa = XCBuildConfiguration;
			buildSettings = {
				ALWAYS_SEARCH_USER_PATHS = NO;
				ARCHS = "$(ARCHS_STANDARD_32_BIT)";
				"CODE_SIGN_IDENTITY[sdk=iphoneos*]" = "iPhone Developer";
				COPY_PHASE_STRIP = YES;
				GCC_C_LANGUAGE_STANDARD = gnu99;
				GCC_VERSION = com.apple.compilers.llvm.clang.1_0;
				GCC_WARN_ABOUT_MISSING_PROTOTYPES = YES;
				GCC_WARN_ABOUT_RETURN_TYPE = YES;
				GCC_WARN_UNUSED_VARIABLE = YES;
				IPHONEOS_DEPLOYMENT_TARGET = 5.0;
				OTHER_CFLAGS = "-DNS_BLOCK_ASSERTIONS=1";
				SDKROOT = iphoneos;
				TARGETED_DEVICE_FAMILY = 2;
				VALIDATE_PRODUCT = YES;
			};
			name = Release;
		};
		11057DCB14EE00D50083B4C0 /* Debug */ = {
			isa = XCBuildConfiguration;
			buildSettings = {
				"CODE_SIGN_IDENTITY[sdk=iphoneos*]" = "iPhone Developer: Steven Mesko (RKPZHZH2E6)";
				GCC_PRECOMPILE_PREFIX_HEADER = YES;
				GCC_PREFIX_HEADER = "SliderName/SliderPuzzle-Prefix.pch";
				INFOPLIST_FILE = "SliderName/SliderPuzzle-Info.plist";
				PRODUCT_NAME = SliderPuzzle;
				"PROVISIONING_PROFILE[sdk=iphoneos*]" = "6889178A-B32A-45E2-9AED-8FB26C21A836";
				WRAPPER_EXTENSION = app;
			};
			name = Debug;
		};
		11057DCC14EE00D50083B4C0 /* Release */ = {
			isa = XCBuildConfiguration;
			buildSettings = {
				GCC_PRECOMPILE_PREFIX_HEADER = YES;
				GCC_PREFIX_HEADER = "SliderName/SliderPuzzle-Prefix.pch";
				INFOPLIST_FILE = "SliderName/SliderPuzzle-Info.plist";
				PRODUCT_NAME = SliderPuzzle;
				WRAPPER_EXTENSION = app;
			};
			name = Release;
		};
/* End XCBuildConfiguration section */

/* Begin XCConfigurationList section */
		11057DA614EE00D50083B4C0 /* Build configuration list for PBXProject "SliderPuzzle" */ = {
			isa = XCConfigurationList;
			buildConfigurations = (
				11057DC814EE00D50083B4C0 /* Debug */,
				11057DC914EE00D50083B4C0 /* Release */,
			);
			defaultConfigurationIsVisible = 0;
			defaultConfigurationName = Release;
		};
		11057DCA14EE00D50083B4C0 /* Build configuration list for PBXNativeTarget "SliderPuzzle" */ = {
			isa = XCConfigurationList;
			buildConfigurations = (
				11057DCB14EE00D50083B4C0 /* Debug */,
				11057DCC14EE00D50083B4C0 /* Release */,
			);
			defaultConfigurationIsVisible = 0;
			defaultConfigurationName = Release;
		};
/* End XCConfigurationList section */
	};
	rootObject = 11057DA314EE00D50083B4C0 /* Project object */;
}
